
Microsoft Visual Studio Solution File, Format Version 12.00
# Visual Studio Version 17
VisualStudioVersion = 17.4.33213.308
MinimumVisualStudioVersion = 10.0.40219.1
Project("{FAE04EC0-301F-11D3-BF4B-00C04F79EFBC}") = "aula27.1", "aula27.1.csproj", "{90F6FAE6-43A8-452A-A70B-9F29AC4B3FF4}"
EndProject
Global
	GlobalSection(SolutionConfigurationPlatforms) = preSolution
		Debug|Any CPU = Debug|Any CPU
		Release|Any CPU = Release|Any CPU
	EndGlobalSection
	GlobalSection(ProjectConfigurationPlatforms) = postSolution
		{90F6FAE6-43A8-452A-A70B-9F29AC4B3FF4}.Debug|Any CPU.ActiveCfg = Debug|Any CPU
		{90F6FAE6-43A8-452A-A70B-9F29AC4B3FF4}.Debug|Any CPU.Build.0 = Debug|Any CPU
		{90F6FAE6-43A8-452A-A70B-9F29AC4B3FF4}.Release|Any CPU.ActiveCfg = Release|Any CPU
		{90F6FAE6-43A8-452A-A70B-9F29AC4B3FF4}.Release|Any CPU.Build.0 = Release|Any CPU
	EndGlobalSection
	GlobalSection(SolutionProperties) = preSolution
		HideSolutionNode = FALSE
	EndGlobalSection
	GlobalSection(ExtensibilityGlobals) = postSolution
		SolutionGuid = {2D0812B2-AE3B-486A-B3E6-4464A9AEBBEF}
	EndGlobalSection
EndGlobal
